
Microsoft Visual Studio Solution File, Format Version 12.00
# Visual Studio Version 16
VisualStudioVersion = 16.0.29326.143
MinimumVisualStudioVersion = 10.0.40219.1
Project("{FAE04EC0-301F-11D3-BF4B-00C04F79EFBC}") = "Assessment-Week1", "Assessment-Week1\Assessment-Week1.csproj", "{E1DBD7EF-31A7-43BA-94B2-0A9ACDA885D5}"
EndProject
Project("{FAE04EC0-301F-11D3-BF4B-00C04F79EFBC}") = "Assessment-Week1.Library", "Assessment-Week1.Library\Assessment-Week1.Library.csproj", "{5462E13B-C13F-49F7-B53E-A159C5272369}"
EndProject
Global
	GlobalSection(SolutionConfigurationPlatforms) = preSolution
		Debug|Any CPU = Debug|Any CPU
		Release|Any CPU = Release|Any CPU
	EndGlobalSection
	GlobalSection(ProjectConfigurationPlatforms) = postSolution
		{E1DBD7EF-31A7-43BA-94B2-0A9ACDA885D5}.Debug|Any CPU.ActiveCfg = Debug|Any CPU
		{E1DBD7EF-31A7-43BA-94B2-0A9ACDA885D5}.Debug|Any CPU.Build.0 = Debug|Any CPU
		{E1DBD7EF-31A7-43BA-94B2-0A9ACDA885D5}.Release|Any CPU.ActiveCfg = Release|Any CPU
		{E1DBD7EF-31A7-43BA-94B2-0A9ACDA885D5}.Release|Any CPU.Build.0 = Release|Any CPU
		{5462E13B-C13F-49F7-B53E-A159C5272369}.Debug|Any CPU.ActiveCfg = Debug|Any CPU
		{5462E13B-C13F-49F7-B53E-A159C5272369}.Debug|Any CPU.Build.0 = Debug|Any CPU
		{5462E13B-C13F-49F7-B53E-A159C5272369}.Release|Any CPU.ActiveCfg = Release|Any CPU
		{5462E13B-C13F-49F7-B53E-A159C5272369}.Release|Any CPU.Build.0 = Release|Any CPU
	EndGlobalSection
	GlobalSection(SolutionProperties) = preSolution
		HideSolutionNode = FALSE
	EndGlobalSection
	GlobalSection(ExtensibilityGlobals) = postSolution
		SolutionGuid = {C9C2900F-0BF4-4145-B183-81234F162017}
	EndGlobalSection
EndGlobal
